// !$*UTF8*$!
{
	archiveVersion = 1;
	classes = {
	};
	objectVersion = 46;
	objects = {

/* Begin PBXBuildFile section */
		85A76FAA18C419CE008E6106 /* Foundation.framework in Frameworks */ = {isa = PBXBuildFile; fileRef = 85A76FA918C419CE008E6106 /* Foundation.framework */; };
		85A76FAC18C419CE008E6106 /* CoreGraphics.framework in Frameworks */ = {isa = PBXBuildFile; fileRef = 85A76FAB18C419CE008E6106 /* CoreGraphics.framework */; };
		85A76FAE18C419CE008E6106 /* UIKit.framework in Frameworks */ = {isa = PBXBuildFile; fileRef = 85A76FAD18C419CE008E6106 /* UIKit.framework */; };
		85A76FB418C419CE008E6106 /* InfoPlist.strings in Resources */ = {isa = PBXBuildFile; fileRef = 85A76FB218C419CE008E6106 /* InfoPlist.strings */; };
		85A76FB618C419CE008E6106 /* main.m in Sources */ = {isa = PBXBuildFile; fileRef = 85A76FB518C419CE008E6106 /* main.m */; };
		85A76FBA18C419CE008E6106 /* AppDelegate.m in Sources */ = {isa = PBXBuildFile; fileRef = 85A76FB918C419CE008E6106 /* AppDelegate.m */; };
		85A76FBD18C419CE008E6106 /* Main.storyboard in Resources */ = {isa = PBXBuildFile; fileRef = 85A76FBB18C419CE008E6106 /* Main.storyboard */; };
		85A76FC018C419CE008E6106 /* ViewController.m in Sources */ = {isa = PBXBuildFile; fileRef = 85A76FBF18C419CE008E6106 /* ViewController.m */; };
		85A76FC218C419CE008E6106 /* Images.xcassets in Resources */ = {isa = PBXBuildFile; fileRef = 85A76FC118C419CE008E6106 /* Images.xcassets */; };
		85A76FC918C419CE008E6106 /* XCTest.framework in Frameworks */ = {isa = PBXBuildFile; fileRef = 85A76FC818C419CE008E6106 /* XCTest.framework */; };
		85A76FCA18C419CE008E6106 /* Foundation.framework in Frameworks */ = {isa = PBXBuildFile; fileRef = 85A76FA918C419CE008E6106 /* Foundation.framework */; };
		85A76FCB18C419CE008E6106 /* UIKit.framework in Frameworks */ = {isa = PBXBuildFile; fileRef = 85A76FAD18C419CE008E6106 /* UIKit.framework */; };
		85A76FD318C419CE008E6106 /* InfoPlist.strings in Resources */ = {isa = PBXBuildFile; fileRef = 85A76FD118C419CE008E6106 /* InfoPlist.strings */; };
		85A76FD518C419CE008E6106 /* APCPickerViewSampleTests.m in Sources */ = {isa = PBXBuildFile; fileRef = 85A76FD418C419CE008E6106 /* APCPickerViewSampleTests.m */; };
		85A76FE118C41A0F008E6106 /* APCPickerView.m in Sources */ = {isa = PBXBuildFile; fileRef = 85A76FDF18C41A0F008E6106 /* APCPickerView.m */; };
/* End PBXBuildFile section */

/* Begin PBXContainerItemProxy section */
		85A76FCC18C419CE008E6106 /* PBXContainerItemProxy */ = {
			isa = PBXContainerItemProxy;
			containerPortal = 85A76F9E18C419CE008E6106 /* Project object */;
			proxyType = 1;
			remoteGlobalIDString = 85A76FA518C419CE008E6106;
			remoteInfo = APCPickerViewSample;
		};
/* End PBXContainerItemProxy section */

/* Begin PBXFileReference section */
		85A76FA618C419CE008E6106 /* APCPickerViewSample.app */ = {isa = PBXFileReference; explicitFileType = wrapper.application; includeInIndex = 0; path = APCPickerViewSample.app; sourceTree = BUILT_PRODUCTS_DIR; };
		85A76FA918C419CE008E6106 /* Foundation.framework */ = {isa = PBXFileReference; lastKnownFileType = wrapper.framework; name = Foundation.framework; path = System/Library/Frameworks/Foundation.framework; sourceTree = SDKROOT; };
		85A76FAB18C419CE008E6106 /* CoreGraphics.framework */ = {isa = PBXFileReference; lastKnownFileType = wrapper.framework; name = CoreGraphics.framework; path = System/Library/Frameworks/CoreGraphics.framework; sourceTree = SDKROOT; };
		85A76FAD18C419CE008E6106 /* UIKit.framework */ = {isa = PBXFileReference; lastKnownFileType = wrapper.framework; name = UIKit.framework; path = System/Library/Frameworks/UIKit.framework; sourceTree = SDKROOT; };
		85A76FB118C419CE008E6106 /* APCPickerViewSample-Info.plist */ = {isa = PBXFileReference; lastKnownFileType = text.plist.xml; path = "APCPickerViewSample-Info.plist"; sourceTree = "<group>"; };
		85A76FB318C419CE008E6106 /* en */ = {isa = PBXFileReference; lastKnownFileType = text.plist.strings; name = en; path = en.lproj/InfoPlist.strings; sourceTree = "<group>"; };
		85A76FB518C419CE008E6106 /* main.m */ = {isa = PBXFileReference; lastKnownFileType = sourcecode.c.objc; path = main.m; sourceTree = "<group>"; };
		85A76FB718C419CE008E6106 /* APCPickerViewSample-Prefix.pch */ = {isa = PBXFileReference; lastKnownFileType = sourcecode.c.h; path = "APCPickerViewSample-Prefix.pch"; sourceTree = "<group>"; };
		85A76FB818C419CE008E6106 /* AppDelegate.h */ = {isa = PBXFileReference; lastKnownFileType = sourcecode.c.h; path = AppDelegate.h; sourceTree = "<group>"; };
		85A76FB918C419CE008E6106 /* AppDelegate.m */ = {isa = PBXFileReference; lastKnownFileType = sourcecode.c.objc; path = AppDelegate.m; sourceTree = "<group>"; };
		85A76FBC18C419CE008E6106 /* Base */ = {isa = PBXFileReference; lastKnownFileType = file.storyboard; name = Base; path = Base.lproj/Main.storyboard; sourceTree = "<group>"; };
		85A76FBE18C419CE008E6106 /* ViewController.h */ = {isa = PBXFileReference; lastKnownFileType = sourcecode.c.h; path = ViewController.h; sourceTree = "<group>"; };
		85A76FBF18C419CE008E6106 /* ViewController.m */ = {isa = PBXFileReference; lastKnownFileType = sourcecode.c.objc; path = ViewController.m; sourceTree = "<group>"; };
		85A76FC118C419CE008E6106 /* Images.xcassets */ = {isa = PBXFileReference; lastKnownFileType = folder.assetcatalog; path = Images.xcassets; sourceTree = "<group>"; };
		85A76FC718C419CE008E6106 /* APCPickerViewSampleTests.xctest */ = {isa = PBXFileReference; explicitFileType = wrapper.cfbundle; includeInIndex = 0; path = APCPickerViewSampleTests.xctest; sourceTree = BUILT_PRODUCTS_DIR; };
		85A76FC818C419CE008E6106 /* XCTest.framework */ = {isa = PBXFileReference; lastKnownFileType = wrapper.framework; name = XCTest.framework; path = Library/Frameworks/XCTest.framework; sourceTree = DEVELOPER_DIR; };
		85A76FD018C419CE008E6106 /* APCPickerViewSampleTests-Info.plist */ = {isa = PBXFileReference; lastKnownFileType = text.plist.xml; path = "APCPickerViewSampleTests-Info.plist"; sourceTree = "<group>"; };
		85A76FD218C419CE008E6106 /* en */ = {isa = PBXFileReference; lastKnownFileType = text.plist.strings; name = en; path = en.lproj/InfoPlist.strings; sourceTree = "<group>"; };
		85A76FD418C419CE008E6106 /* APCPickerViewSampleTests.m */ = {isa = PBXFileReference; lastKnownFileType = sourcecode.c.objc; path = APCPickerViewSampleTests.m; sourceTree = "<group>"; };
		85A76FDE18C41A0F008E6106 /* APCPickerView.h */ = {isa = PBXFileReference; fileEncoding = 4; lastKnownFileType = sourcecode.c.h; name = APCPickerView.h; path = APCPickerView/APCPickerView.h; sourceTree = "<group>"; };
		85A76FDF18C41A0F008E6106 /* APCPickerView.m */ = {isa = PBXFileReference; fileEncoding = 4; lastKnownFileType = sourcecode.c.objc; name = APCPickerView.m; path = APCPickerView/APCPickerView.m; sourceTree = "<group>"; };
		85A76FE018C41A0F008E6106 /* APCPickerViewDelegate.h */ = {isa = PBXFileReference; fileEncoding = 4; lastKnownFileType = sourcecode.c.h; name = APCPickerViewDelegate.h; path = APCPickerView/APCPickerViewDelegate.h; sourceTree = "<group>"; };
/* End PBXFileReference section */

/* Begin PBXFrameworksBuildPhase section */
		85A76FA318C419CE008E6106 /* Frameworks */ = {
			isa = PBXFrameworksBuildPhase;
			buildActionMask = 2147483647;
			files = (
				85A76FAC18C419CE008E6106 /* CoreGraphics.framework in Frameworks */,
				85A76FAE18C419CE008E6106 /* UIKit.framework in Frameworks */,
				85A76FAA18C419CE008E6106 /* Foundation.framework in Frameworks */,
			);
			runOnlyForDeploymentPostprocessing = 0;
		};
		85A76FC418C419CE008E6106 /* Frameworks */ = {
			isa = PBXFrameworksBuildPhase;
			buildActionMask = 2147483647;
			files = (
				85A76FC918C419CE008E6106 /* XCTest.framework in Frameworks */,
				85A76FCB18C419CE008E6106 /* UIKit.framework in Frameworks */,
				85A76FCA18C419CE008E6106 /* Foundation.framework in Frameworks */,
			);
			runOnlyForDeploymentPostprocessing = 0;
		};
/* End PBXFrameworksBuildPhase section */

/* Begin PBXGroup section */
		85A76F9D18C419CE008E6106 = {
			isa = PBXGroup;
			children = (
				85A76FE218C428AE008E6106 /* APCPickerView */,
				85A76FAF18C419CE008E6106 /* APCPickerViewSample */,
				85A76FCE18C419CE008E6106 /* APCPickerViewSampleTests */,
				85A76FA818C419CE008E6106 /* Frameworks */,
				85A76FA718C419CE008E6106 /* Products */,
			);
			sourceTree = "<group>";
		};
		85A76FA718C419CE008E6106 /* Products */ = {
			isa = PBXGroup;
			children = (
				85A76FA618C419CE008E6106 /* APCPickerViewSample.app */,
				85A76FC718C419CE008E6106 /* APCPickerViewSampleTests.xctest */,
			);
			name = Products;
			sourceTree = "<group>";
		};
		85A76FA818C419CE008E6106 /* Frameworks */ = {
			isa = PBXGroup;
			children = (
				85A76FA918C419CE008E6106 /* Foundation.framework */,
				85A76FAB18C419CE008E6106 /* CoreGraphics.framework */,
				85A76FAD18C419CE008E6106 /* UIKit.framework */,
				85A76FC818C419CE008E6106 /* XCTest.framework */,
			);
			name = Frameworks;
			sourceTree = "<group>";
		};
		85A76FAF18C419CE008E6106 /* APCPickerViewSample */ = {
			isa = PBXGroup;
			children = (
				85A76FB818C419CE008E6106 /* AppDelegate.h */,
				85A76FB918C419CE008E6106 /* AppDelegate.m */,
				85A76FBB18C419CE008E6106 /* Main.storyboard */,
				85A76FBE18C419CE008E6106 /* ViewController.h */,
				85A76FBF18C419CE008E6106 /* ViewController.m */,
				85A76FC118C419CE008E6106 /* Images.xcassets */,
				85A76FB018C419CE008E6106 /* Supporting Files */,
			);
			path = APCPickerViewSample;
			sourceTree = "<group>";
		};
		85A76FB018C419CE008E6106 /* Supporting Files */ = {
			isa = PBXGroup;
			children = (
				85A76FB118C419CE008E6106 /* APCPickerViewSample-Info.plist */,
				85A76FB218C419CE008E6106 /* InfoPlist.strings */,
				85A76FB518C419CE008E6106 /* main.m */,
				85A76FB718C419CE008E6106 /* APCPickerViewSample-Prefix.pch */,
			);
			name = "Supporting Files";
			sourceTree = "<group>";
		};
		85A76FCE18C419CE008E6106 /* APCPickerViewSampleTests */ = {
			isa = PBXGroup;
			children = (
				85A76FD418C419CE008E6106 /* APCPickerViewSampleTests.m */,
				85A76FCF18C419CE008E6106 /* Supporting Files */,
			);
			path = APCPickerViewSampleTests;
			sourceTree = "<group>";
		};
		85A76FCF18C419CE008E6106 /* Supporting Files */ = {
			isa = PBXGroup;
			children = (
				85A76FD018C419CE008E6106 /* APCPickerViewSampleTests-Info.plist */,
				85A76FD118C419CE008E6106 /* InfoPlist.strings */,
			);
			name = "Supporting Files";
			sourceTree = "<group>";
		};
		85A76FE218C428AE008E6106 /* APCPickerView */ = {
			isa = PBXGroup;
			children = (
				85A76FDE18C41A0F008E6106 /* APCPickerView.h */,
				85A76FDF18C41A0F008E6106 /* APCPickerView.m */,
				85A76FE018C41A0F008E6106 /* APCPickerViewDelegate.h */,
			);
			name = APCPickerView;
			sourceTree = "<group>";
		};
/* End PBXGroup section */

/* Begin PBXNativeTarget section */
		85A76FA518C419CE008E6106 /* APCPickerViewSample */ = {
			isa = PBXNativeTarget;
			buildConfigurationList = 85A76FD818C419CE008E6106 /* Build configuration list for PBXNativeTarget "APCPickerViewSample" */;
			buildPhases = (
				85A76FA218C419CE008E6106 /* Sources */,
				85A76FA318C419CE008E6106 /* Frameworks */,
				85A76FA418C419CE008E6106 /* Resources */,
			);
			buildRules = (
			);
			dependencies = (
			);
			name = APCPickerViewSample;
			productName = APCPickerViewSample;
			productReference = 85A76FA618C419CE008E6106 /* APCPickerViewSample.app */;
			productType = "com.apple.product-type.application";
		};
		85A76FC618C419CE008E6106 /* APCPickerViewSampleTests */ = {
			isa = PBXNativeTarget;
			buildConfigurationList = 85A76FDB18C419CE008E6106 /* Build configuration list for PBXNativeTarget "APCPickerViewSampleTests" */;
			buildPhases = (
				85A76FC318C419CE008E6106 /* Sources */,
				85A76FC418C419CE008E6106 /* Frameworks */,
				85A76FC518C419CE008E6106 /* Resources */,
			);
			buildRules = (
			);
			dependencies = (
				85A76FCD18C419CE008E6106 /* PBXTargetDependency */,
			);
			name = APCPickerViewSampleTests;
			productName = APCPickerViewSampleTests;
			productReference = 85A76FC718C419CE008E6106 /* APCPickerViewSampleTests.xctest */;
			productType = "com.apple.product-type.bundle.unit-test";
		};
/* End PBXNativeTarget section */

/* Begin PBXProject section */
		85A76F9E18C419CE008E6106 /* Project object */ = {
			isa = PBXProject;
			attributes = {
				LastUpgradeCheck = 0500;
				ORGANIZATIONNAME = aspick;
				TargetAttributes = {
					85A76FC618C419CE008E6106 = {
						TestTargetID = 85A76FA518C419CE008E6106;
					};
				};
			};
			buildConfigurationList = 85A76FA118C419CE008E6106 /* Build configuration list for PBXProject "APCPickerViewSample" */;
			compatibilityVersion = "Xcode 3.2";
			developmentRegion = English;
			hasScannedForEncodings = 0;
			knownRegions = (
				en,
				Base,
			);
			mainGroup = 85A76F9D18C419CE008E6106;
			productRefGroup = 85A76FA718C419CE008E6106 /* Products */;
			projectDirPath = "";
			projectRoot = "";
			targets = (
				85A76FA518C419CE008E6106 /* APCPickerViewSample */,
				85A76FC618C419CE008E6106 /* APCPickerViewSampleTests */,
			);
		};
/* End PBXProject section */

/* Begin PBXResourcesBuildPhase section */
		85A76FA418C419CE008E6106 /* Resources */ = {
			isa = PBXResourcesBuildPhase;
			buildActionMask = 2147483647;
			files = (
				85A76FC218C419CE008E6106 /* Images.xcassets in Resources */,
				85A76FB418C419CE008E6106 /* InfoPlist.strings in Resources */,
				85A76FBD18C419CE008E6106 /* Main.storyboard in Resources */,
			);
			runOnlyForDeploymentPostprocessing = 0;
		};
		85A76FC518C419CE008E6106 /* Resources */ = {
			isa = PBXResourcesBuildPhase;
			buildActionMask = 2147483647;
			files = (
				85A76FD318C419CE008E6106 /* InfoPlist.strings in Resources */,
			);
			runOnlyForDeploymentPostprocessing = 0;
		};
/* End PBXResourcesBuildPhase section */

/* Begin PBXSourcesBuildPhase section */
		85A76FA218C419CE008E6106 /* Sources */ = {
			isa = PBXSourcesBuildPhase;
			buildActionMask = 2147483647;
			files = (
				85A76FC018C419CE008E6106 /* ViewController.m in Sources */,
				85A76FBA18C419CE008E6106 /* AppDelegate.m in Sources */,
				85A76FB618C419CE008E6106 /* main.m in Sources */,
				85A76FE118C41A0F008E6106 /* APCPickerView.m in Sources */,
			);
			runOnlyForDeploymentPostprocessing = 0;
		};
		85A76FC318C419CE008E6106 /* Sources */ = {
			isa = PBXSourcesBuildPhase;
			buildActionMask = 2147483647;
			files = (
				85A76FD518C419CE008E6106 /* APCPickerViewSampleTests.m in Sources */,
			);
			runOnlyForDeploymentPostprocessing = 0;
		};
/* End PBXSourcesBuildPhase section */

/* Begin PBXTargetDependency section */
		85A76FCD18C419CE008E6106 /* PBXTargetDependency */ = {
			isa = PBXTargetDependency;
			target = 85A76FA518C419CE008E6106 /* APCPickerViewSample */;
			targetProxy = 85A76FCC18C419CE008E6106 /* PBXContainerItemProxy */;
		};
/* End PBXTargetDependency section */

/* Begin PBXVariantGroup section */
		85A76FB218C419CE008E6106 /* InfoPlist.strings */ = {
			isa = PBXVariantGroup;
			children = (
				85A76FB318C419CE008E6106 /* en */,
			);
			name = InfoPlist.strings;
			sourceTree = "<group>";
		};
		85A76FBB18C419CE008E6106 /* Main.storyboard */ = {
			isa = PBXVariantGroup;
			children = (
				85A76FBC18C419CE008E6106 /* Base */,
			);
			name = Main.storyboard;
			sourceTree = "<group>";
		};
		85A76FD118C419CE008E6106 /* InfoPlist.strings */ = {
			isa = PBXVariantGroup;
			children = (
				85A76FD218C419CE008E6106 /* en */,
			);
			name = InfoPlist.strings;
			sourceTree = "<group>";
		};
/* End PBXVariantGroup section */

/* Begin XCBuildConfiguration section */
		85A76FD618C419CE008E6106 /* Debug */ = {
			isa = XCBuildConfiguration;
			buildSettings = {
				ALWAYS_SEARCH_USER_PATHS = NO;
				ARCHS = "$(ARCHS_STANDARD_INCLUDING_64_BIT)";
				CLANG_CXX_LANGUAGE_STANDARD = "gnu++0x";
				CLANG_CXX_LIBRARY = "libc++";
				CLANG_ENABLE_MODULES = YES;
				CLANG_ENABLE_OBJC_ARC = YES;
				CLANG_WARN_BOOL_CONVERSION = YES;
				CLANG_WARN_CONSTANT_CONVERSION = YES;
				CLANG_WARN_DIRECT_OBJC_ISA_USAGE = YES_ERROR;
				CLANG_WARN_EMPTY_BODY = YES;
				CLANG_WARN_ENUM_CONVERSION = YES;
				CLANG_WARN_INT_CONVERSION = YES;
				CLANG_WARN_OBJC_ROOT_CLASS = YES_ERROR;
				CLANG_WARN__DUPLICATE_METHOD_MATCH = YES;
				"CODE_SIGN_IDENTITY[sdk=iphoneos*]" = "iPhone Developer";
				COPY_PHASE_STRIP = NO;
				GCC_C_LANGUAGE_STANDARD = gnu99;
				GCC_DYNAMIC_NO_PIC = NO;
				GCC_OPTIMIZATION_LEVEL = 0;
				GCC_PREPROCESSOR_DEFINITIONS = (
					"DEBUG=1",
					"$(inherited)",
				);
				GCC_SYMBOLS_PRIVATE_EXTERN = NO;
				GCC_WARN_64_TO_32_BIT_CONVERSION = YES;
				GCC_WARN_ABOUT_RETURN_TYPE = YES_ERROR;
				GCC_WARN_UNDECLARED_SELECTOR = YES;
				GCC_WARN_UNINITIALIZED_AUTOS = YES;
				GCC_WARN_UNUSED_FUNCTION = YES;
				GCC_WARN_UNUSED_VARIABLE = YES;
				IPHONEOS_DEPLOYMENT_TARGET = 7.0;
				ONLY_ACTIVE_ARCH = YES;
				SDKROOT = iphoneos;
			};
			name = Debug;
		};
		85A76FD718C419CE008E6106 /* Release */ = {
			isa = XCBuildConfiguration;
			buildSettings = {
				ALWAYS_SEARCH_USER_PATHS = NO;
				ARCHS = "$(ARCHS_STANDARD_INCLUDING_64_BIT)";
				CLANG_CXX_LANGUAGE_STANDARD = "gnu++0x";
				CLANG_CXX_LIBRARY = "libc++";
				CLANG_ENABLE_MODULES = YES;
				CLANG_ENABLE_OBJC_ARC = YES;
				CLANG_WARN_BOOL_CONVERSION = YES;
				CLANG_WARN_CONSTANT_CONVERSION = YES;
				CLANG_WARN_DIRECT_OBJC_ISA_USAGE = YES_ERROR;
				CLANG_WARN_EMPTY_BODY = YES;
				CLANG_WARN_ENUM_CONVERSION = YES;
				CLANG_WARN_INT_CONVERSION = YES;
				CLANG_WARN_OBJC_ROOT_CLASS = YES_ERROR;
				CLANG_WARN__DUPLICATE_METHOD_MATCH = YES;
				"CODE_SIGN_IDENTITY[sdk=iphoneos*]" = "iPhone Developer";
				COPY_PHASE_STRIP = YES;
				ENABLE_NS_ASSERTIONS = NO;
				GCC_C_LANGUAGE_STANDARD = gnu99;
				GCC_WARN_64_TO_32_BIT_CONVERSION = YES;
				GCC_WARN_ABOUT_RETURN_TYPE = YES_ERROR;
				GCC_WARN_UNDECLARED_SELECTOR = YES;
				GCC_WARN_UNINITIALIZED_AUTOS = YES;
				GCC_WARN_UNUSED_FUNCTION = YES;
				GCC_WARN_UNUSED_VARIABLE = YES;
				IPHONEOS_DEPLOYMENT_TARGET = 7.0;
				SDKROOT = iphoneos;
				VALIDATE_PRODUCT = YES;
			};
			name = Release;
		};
		85A76FD918C419CE008E6106 /* Debug */ = {
			isa = XCBuildConfiguration;
			buildSettings = {
				ASSETCATALOG_COMPILER_APPICON_NAME = AppIcon;
				ASSETCATALOG_COMPILER_LAUNCHIMAGE_NAME = LaunchImage;
				GCC_PRECOMPILE_PREFIX_HEADER = YES;
				GCC_PREFIX_HEADER = "APCPickerViewSample/APCPickerViewSample-Prefix.pch";
				INFOPLIST_FILE = "APCPickerViewSample/APCPickerViewSample-Info.plist";
				PRODUCT_NAME = "$(TARGET_NAME)";
				WRAPPER_EXTENSION = app;
			};
			name = Debug;
		};
		85A76FDA18C419CE008E6106 /* Release */ = {
			isa = XCBuildConfiguration;
			buildSettings = {
				ASSETCATALOG_COMPILER_APPICON_NAME = AppIcon;
				ASSETCATALOG_COMPILER_LAUNCHIMAGE_NAME = LaunchImage;
				GCC_PRECOMPILE_PREFIX_HEADER = YES;
				GCC_PREFIX_HEADER = "APCPickerViewSample/APCPickerViewSample-Prefix.pch";
				INFOPLIST_FILE = "APCPickerViewSample/APCPickerViewSample-Info.plist";
				PRODUCT_NAME = "$(TARGET_NAME)";
				WRAPPER_EXTENSION = app;
			};
			name = Release;
		};
		85A76FDC18C419CE008E6106 /* Debug */ = {
			isa = XCBuildConfiguration;
			buildSettings = {
				ARCHS = "$(ARCHS_STANDARD_INCLUDING_64_BIT)";
				BUNDLE_LOADER = "$(BUILT_PRODUCTS_DIR)/APCPickerViewSample.app/APCPickerViewSample";
				FRAMEWORK_SEARCH_PATHS = (
					"$(SDKROOT)/Developer/Library/Frameworks",
					"$(inherited)",
					"$(DEVELOPER_FRAMEWORKS_DIR)",
				);
				GCC_PRECOMPILE_PREFIX_HEADER = YES;
				GCC_PREFIX_HEADER = "APCPickerViewSample/APCPickerViewSample-Prefix.pch";
				GCC_PREPROCESSOR_DEFINITIONS = (
					"DEBUG=1",
					"$(inherited)",
				);
				INFOPLIST_FILE = "APCPickerViewSampleTests/APCPickerViewSampleTests-Info.plist";
				PRODUCT_NAME = "$(TARGET_NAME)";
				TEST_HOST = "$(BUNDLE_LOADER)";
				WRAPPER_EXTENSION = xctest;
			};
			name = Debug;
		};
		85A76FDD18C419CE008E6106 /* Release */ = {
			isa = XCBuildConfiguration;
			buildSettings = {
				ARCHS = "$(ARCHS_STANDARD_INCLUDING_64_BIT)";
				BUNDLE_LOADER = "$(BUILT_PRODUCTS_DIR)/APCPickerViewSample.app/APCPickerViewSample";
				FRAMEWORK_SEARCH_PATHS = (
					"$(SDKROOT)/Developer/Library/Frameworks",
					"$(inherited)",
					"$(DEVELOPER_FRAMEWORKS_DIR)",
				);
				GCC_PRECOMPILE_PREFIX_HEADER = YES;
				GCC_PREFIX_HEADER = "APCPickerViewSample/APCPickerViewSample-Prefix.pch";
				INFOPLIST_FILE = "APCPickerViewSampleTests/APCPickerViewSampleTests-Info.plist";
				PRODUCT_NAME = "$(TARGET_NAME)";
				TEST_HOST = "$(BUNDLE_LOADER)";
				WRAPPER_EXTENSION = xctest;
			};
			name = Release;
		};
/* End XCBuildConfiguration section */

/* Begin XCConfigurationList section */
		85A76FA118C419CE008E6106 /* Build configuration list for PBXProject "APCPickerViewSample" */ = {
			isa = XCConfigurationList;
			buildConfigurations = (
				85A76FD618C419CE008E6106 /* Debug */,
				85A76FD718C419CE008E6106 /* Release */,
			);
			defaultConfigurationIsVisible = 0;
			defaultConfigurationName = Release;
		};
		85A76FD818C419CE008E6106 /* Build configuration list for PBXNativeTarget "APCPickerViewSample" */ = {
			isa = XCConfigurationList;
			buildConfigurations = (
				85A76FD918C419CE008E6106 /* Debug */,
				85A76FDA18C419CE008E6106 /* Release */,
			);
			defaultConfigurationIsVisible = 0;
		};
		85A76FDB18C419CE008E6106 /* Build configuration list for PBXNativeTarget "APCPickerViewSampleTests" */ = {
			isa = XCConfigurationList;
			buildConfigurations = (
				85A76FDC18C419CE008E6106 /* Debug */,
				85A76FDD18C419CE008E6106 /* Release */,
			);
			defaultConfigurationIsVisible = 0;
		};
/* End XCConfigurationList section */
	};
	rootObject = 85A76F9E18C419CE008E6106 /* Project object */;
}
